<?xml version="1.0" encoding="utf-8"?>
<Project ToolsVersion="4.0" xmlns="http://schemas.microsoft.com/developer/msbuild/2003">
  <ItemGroup>
    <Filter Include="源文件">
      <UniqueIdentifier>{4FC737F1-C7A5-4376-A066-2A32D752A2FF}</UniqueIdentifier>
      <Extensions>cpp;c;cc;cxx;c++;cppm;ixx;def;odl;idl;hpj;bat;asm;asmx</Extensions>
    </Filter>
    <Filter Include="头文件">
      <UniqueIdentifier>{93995380-89BD-4b04-88EB-625FBE52EBFB}</UniqueIdentifier>
      <Extensions>h;hh;hpp;hxx;h++;hm;inl;inc;ipp;xsd</Extensions>
    </Filter>
    <Filter Include="资源文件">
      <UniqueIdentifier>{67DA6AB6-F800-4c08-8B7A-83BB121AAD01}</UniqueIdentifier>
      <Extensions>rc;ico;cur;bmp;dlg;rc2;rct;bin;rgs;gif;jpg;jpeg;jpe;resx;tiff;tif;png;wav;mfcribbon-ms</Extensions>
    </Filter>
  </ItemGroup>
  <ItemGroup>
    <ClInclude Include="ElevatorBuildingView.h">
      <Filter>UI</Filter>
    </ClInclude>
    <ClInclude Include="FloorAnalyticsViews.h">
      <Filter>UI</Filter>
    </ClInclude>
    <ClInclude Include="ElevatorSimulation.h">
      <Filter>头文件</Filter>
    </ClInclude>
    <ClInclude Include="ElevatorSimulationDlg.h">
      <Filter>UI</Filter>
    </ClInclude>
    <ClInclude Include="StatisticsTrendView.h">
      <Filter>UI</Filter>
    </ClInclude>
    <ClInclude Include="framework.h">
      <Filter>头文件</Filter>
    </ClInclude>
    <ClInclude Include="targetver.h">
      <Filter>头文件</Filter>
    </ClInclude>
    <ClInclude Include="Resource.h">
      <Filter>头文件</Filter>
    </ClInclude>
    <ClInclude Include="pch.h">
      <Filter>头文件</Filter>
    </ClInclude>
  </ItemGroup>
  <ItemGroup>
    <ClCompile Include="ElevatorBuildingView.cpp">
      <Filter>UI</Filter>
    </ClCompile>
    <ClCompile Include="FloorAnalyticsViews.cpp">
      <Filter>UI</Filter>
    </ClCompile>
    <ClCompile Include="ElevatorSimulation.cpp">
      <Filter>源文件</Filter>
    </ClCompile>
    <ClCompile Include="ElevatorSimulationDlg.cpp">
      <Filter>UI</Filter>
    </ClCompile>
    <ClCompile Include="StatisticsTrendView.cpp">
      <Filter>UI</Filter>
    </ClCompile>
    <ClCompile Include="pch.cpp">
      <Filter>源文件</Filter>
    </ClCompile>
  </ItemGroup>
  <ItemGroup>
    <ResourceCompile Include="ElevatorSimulation.rc">
      <Filter>资源文件</Filter>
    </ResourceCompile>
  </ItemGroup>
  <ItemGroup>
    <None Include="res\ElevatorSimulation.rc2">
      <Filter>资源文件</Filter>
    </None>
  </ItemGroup>
  <ItemGroup>
    <Image Include="res\ElevatorSimulation.ico">
      <Filter>资源文件</Filter>
    </Image>
  </ItemGroup>
  <ItemGroup>
    <Filter Include="Core">
      <UniqueIdentifier>{56cc9b7f-89d0-49d8-a5b3-3df49f61c2af}</UniqueIdentifier>
    </Filter>
    <Filter Include="Statistics">
      <UniqueIdentifier>{5df2111f-4e2e-49fc-b079-342878d567c6}</UniqueIdentifier>
    </Filter>
    <Filter Include="UI">
      <UniqueIdentifier>{e467b201-5efe-41cd-b878-17542a8887d2}</UniqueIdentifier>
    </Filter>
    <Filter Include="Development">
      <UniqueIdentifier>{789c8d7f-4379-44a6-bf24-0e2a67c61c4e}</UniqueIdentifier>
    </Filter>
  </ItemGroup>
  <ItemGroup>
    <ClInclude Include="Core\CommonTypes.h">
      <Filter>Core</Filter>
    </ClInclude>
    <ClInclude Include="Core\Passenger.h">
      <Filter>Core</Filter>
    </ClInclude>
    <ClInclude Include="Core\Floor.h">
      <Filter>Core</Filter>
    </ClInclude>
    <ClInclude Include="Core\Elevator.h">
      <Filter>Core</Filter>
    </ClInclude>
    <ClInclude Include="Core\EventScheduler.h">
      <Filter>Core</Filter>
    </ClInclude>
    <ClInclude Include="Core\Dispatcher.h">
      <Filter>Core</Filter>
    </ClInclude>
    <ClInclude Include="Core\FixedThreadPool.h">
      <Filter>Core</Filter>
    </ClInclude>
    <ClInclude Include="Core\FleetRebalancer.h">
      <Filter>Core</Filter>
    </ClInclude>
    <ClInclude Include="Core\Simulation.h">
      <Filter>Core</Filter>
    </ClInclude>
    <ClInclude Include="Core\SimulationWorker.h">
      <Filter>Core</Filter>
    </ClInclude>
    <ClInclude Include="Statistics\Statistics.h">
      <Filter>Statistics</Filter>
    </ClInclude>
    <ClCompile Include="Core\Passenger.cpp">
      <Filter>Core</Filter>
    </ClCompile>
    <ClCompile Include="Core\Floor.cpp">
      <Filter>Core</Filter>
    </ClCompile>
    <ClCompile Include="Core\Elevator.cpp">
      <Filter>Core</Filter>
    </ClCompile>
    <ClCompile Include="Core\EventScheduler.cpp">
      <Filter>Core</Filter>
    </ClCompile>
    <ClCompile Include="Core\Dispatcher.cpp">
      <Filter>Core</Filter>
    </ClCompile>
    <ClCompile Include="Core\FixedThreadPool.cpp">
      <Filter>Core</Filter>
    </ClCompile>
    <ClCompile Include="Core\FleetRebalancer.cpp">
      <Filter>Core</Filter>
    </ClCompile>
    <ClCompile Include="Core\Simulation.cpp">
      <Filter>Core</Filter>
    </ClCompile>
    <ClCompile Include="Core\SimulationWorker.cpp">
      <Filter>Core</Filter>
    </ClCompile>
    <ClCompile Include="Statistics\Statistics.cpp">
      <Filter>Statistics</Filter>
    </ClCompile>
    <None Include="..\README.md">
      <Filter>Development</Filter>
    </None>
    <None Include="..\AGENTS.md">
      <Filter>Development</Filter>
    </None>
    <None Include="..\Tests\CoreSmokeTests.cpp">
      <Filter>Development</Filter>
    </None>
    <None Include="..\Tests\RunCoreSmokeTests.cmd">
      <Filter>Development</Filter>
    </None>
  </ItemGroup>
  <ItemGroup>
    <None Include="..\Tests\TestSupport.h">
      <Filter>Development</Filter>
    </None>
    <None Include="..\Tests\DispatcherTests.cpp">
      <Filter>Development</Filter>
    </None>
    <None Include="..\Tests\FleetRebalancerTests.cpp">
      <Filter>Development</Filter>
    </None>
    <None Include="..\Tests\ElevatorTests.cpp">
      <Filter>Development</Filter>
    </None>
    <None Include="..\Tests\SimulationTests.cpp">
      <Filter>Development</Filter>
    </None>
    <None Include="..\Tests\FloorTests.cpp">
      <Filter>Development</Filter>
    </None>
    <None Include="..\Tests\StatisticsTests.cpp">
      <Filter>Development</Filter>
    </None>
    <None Include="..\Tests\SystemTests.cpp">
      <Filter>Development</Filter>
    </None>
    <None Include="..\Tests\ReliabilityTests.cpp">
      <Filter>Development</Filter>
    </None>
    <None Include="..\Tests\ConcurrencyTests.cpp">
      <Filter>Development</Filter>
    </None>
    <None Include="..\Tests\DispatchPerformance.cpp">
      <Filter>Development</Filter>
    </None>
    <None Include="..\Tests\RunDispatchPerformance.ps1">
      <Filter>Development</Filter>
    </None>
    <None Include="..\Tests\SimulationPerformance.cpp">
      <Filter>Development</Filter>
    </None>
    <None Include="..\Tests\RunSimulationPerformance.ps1">
      <Filter>Development</Filter>
    </None>
    <None Include="..\Tests\RunCoreTests.cmd">
      <Filter>Development</Filter>
    </None>
    <None Include="..\docs\AlgorithmDesign.md">
      <Filter>Development</Filter>
    </None>
    <None Include="..\Demo\AlgorithmDemo.cpp">
      <Filter>Development</Filter>
    </None>
    <None Include="..\Demo\GetAlgorithmDemoFingerprint.ps1">
      <Filter>Development</Filter>
    </None>
    <None Include="..\Demo\RunAlgorithmDemo.cmd">
      <Filter>Development</Filter>
    </None>
    <None Include="..\docs\AlgorithmDemoGuide.md">
      <Filter>Development</Filter>
    </None>
    <None Include="..\启动算法演示.bat">
      <Filter>Development</Filter>
    </None>
  </ItemGroup>
</Project>
